{
  "name": "tmca-tester",
  "lockfileVersion": 2,
  "requires": true,
  "packages": {
    "": {
      "dependencies": {
        "node-menu": "^1.3.2"
      }
    },
    "node_modules/node-menu": {
      "version": "1.3.2",
      "resolved": "https://registry.npmjs.org/node-menu/-/node-menu-1.3.2.tgz",
      "integrity": "sha512-2d07+a9GXrJYknbE3Y6bdZuAaJUou7ub0tZ2mn0zd7aQk/Y42V1BnD61erqAixolI1sssJsZLbw/ZCCLqcnMjA==",
      "dependencies": {
        "underscore": "1.6.0"
      },
      "engines": {
        "node": ">= 0.10.0"
      }
    },
    "node_modules/underscore": {
      "version": "1.6.0",
      "resolved": "https://registry.npmjs.org/underscore/-/underscore-1.6.0.tgz",
      "integrity": "sha512-z4o1fvKUojIWh9XuaVLUDdf86RQiq13AC1dmHbTpoyuu+bquHms76v16CjycCbec87J7z0k//SiQVk0sMdFmpQ=="
    }
  },
  "dependencies": {
    "node-menu": {
      "version": "1.3.2",
      "resolved": "https://registry.npmjs.org/node-menu/-/node-menu-1.3.2.tgz",
      "integrity": "sha512-2d07+a9GXrJYknbE3Y6bdZuAaJUou7ub0tZ2mn0zd7aQk/Y42V1BnD61erqAixolI1sssJsZLbw/ZCCLqcnMjA==",
      "requires": {
        "underscore": "1.6.0"
      }
    },
    "underscore": {
      "version": "1.6.0",
      "resolved": "https://registry.npmjs.org/underscore/-/underscore-1.6.0.tgz",
      "integrity": "sha512-z4o1fvKUojIWh9XuaVLUDdf86RQiq13AC1dmHbTpoyuu+bquHms76v16CjycCbec87J7z0k//SiQVk0sMdFmpQ=="
    }
  }
}
